
Microsoft Visual Studio Solution File, Format Version 12.00
# Visual Studio 15
VisualStudioVersion = 15.0.28010.0
MinimumVisualStudioVersion = 10.0.40219.1
Project("{8BC9CEB8-8B4A-11D0-8D11-00A0C91BC942}") = "Demo1", "Demo1\Demo1.vcxproj", "{6EA62DBA-AA36-4E93-8132-341610783FDC}"
EndProject
Project("{8BC9CEB8-8B4A-11D0-8D11-00A0C91BC942}") = "Demo1_Tests", "Demo1_Tests\Demo1_Tests.vcxproj", "{24A8679D-019B-4A88-8DDA-5A2DBB73BDBE}"
EndProject
Project("{8BC9CEB8-8B4A-11D0-8D11-00A0C91BC942}") = "Demo2", "Demo2\Demo2.vcxproj", "{387883A8-DA1C-424B-B7AA-47C916F00D31}"
EndProject
Project("{8BC9CEB8-8B4A-11D0-8D11-00A0C91BC942}") = "Demo3", "Demo3\Demo3.vcxproj", "{775C7E93-97B3-4C3E-B503-7C75A0902850}"
EndProject
Global
	GlobalSection(SolutionConfigurationPlatforms) = preSolution
		Debug|x64 = Debug|x64
		Debug|x86 = Debug|x86
		Release|x64 = Release|x64
		Release|x86 = Release|x86
	EndGlobalSection
	GlobalSection(ProjectConfigurationPlatforms) = postSolution
		{6EA62DBA-AA36-4E93-8132-341610783FDC}.Debug|x64.ActiveCfg = Debug|x64
		{6EA62DBA-AA36-4E93-8132-341610783FDC}.Debug|x64.Build.0 = Debug|x64
		{6EA62DBA-AA36-4E93-8132-341610783FDC}.Debug|x86.ActiveCfg = Debug|Win32
		{6EA62DBA-AA36-4E93-8132-341610783FDC}.Debug|x86.Build.0 = Debug|Win32
		{6EA62DBA-AA36-4E93-8132-341610783FDC}.Release|x64.ActiveCfg = Release|x64
		{6EA62DBA-AA36-4E93-8132-341610783FDC}.Release|x64.Build.0 = Release|x64
		{6EA62DBA-AA36-4E93-8132-341610783FDC}.Release|x86.ActiveCfg = Release|Win32
		{6EA62DBA-AA36-4E93-8132-341610783FDC}.Release|x86.Build.0 = Release|Win32
		{24A8679D-019B-4A88-8DDA-5A2DBB73BDBE}.Debug|x64.ActiveCfg = Debug|x64
		{24A8679D-019B-4A88-8DDA-5A2DBB73BDBE}.Debug|x64.Build.0 = Debug|x64
		{24A8679D-019B-4A88-8DDA-5A2DBB73BDBE}.Debug|x86.ActiveCfg = Debug|Win32
		{24A8679D-019B-4A88-8DDA-5A2DBB73BDBE}.Debug|x86.Build.0 = Debug|Win32
		{24A8679D-019B-4A88-8DDA-5A2DBB73BDBE}.Release|x64.ActiveCfg = Release|x64
		{24A8679D-019B-4A88-8DDA-5A2DBB73BDBE}.Release|x64.Build.0 = Release|x64
		{24A8679D-019B-4A88-8DDA-5A2DBB73BDBE}.Release|x86.ActiveCfg = Release|Win32
		{24A8679D-019B-4A88-8DDA-5A2DBB73BDBE}.Release|x86.Build.0 = Release|Win32
		{387883A8-DA1C-424B-B7AA-47C916F00D31}.Debug|x64.ActiveCfg = Debug|x64
		{387883A8-DA1C-424B-B7AA-47C916F00D31}.Debug|x64.Build.0 = Debug|x64
		{387883A8-DA1C-424B-B7AA-47C916F00D31}.Debug|x86.ActiveCfg = Debug|Win32
		{387883A8-DA1C-424B-B7AA-47C916F00D31}.Debug|x86.Build.0 = Debug|Win32
		{387883A8-DA1C-424B-B7AA-47C916F00D31}.Release|x64.ActiveCfg = Release|x64
		{387883A8-DA1C-424B-B7AA-47C916F00D31}.Release|x64.Build.0 = Release|x64
		{387883A8-DA1C-424B-B7AA-47C916F00D31}.Release|x86.ActiveCfg = Release|Win32
		{387883A8-DA1C-424B-B7AA-47C916F00D31}.Release|x86.Build.0 = Release|Win32
		{775C7E93-97B3-4C3E-B503-7C75A0902850}.Debug|x64.ActiveCfg = Debug|x64
		{775C7E93-97B3-4C3E-B503-7C75A0902850}.Debug|x64.Build.0 = Debug|x64
		{775C7E93-97B3-4C3E-B503-7C75A0902850}.Debug|x86.ActiveCfg = Debug|Win32
		{775C7E93-97B3-4C3E-B503-7C75A0902850}.Debug|x86.Build.0 = Debug|Win32
		{775C7E93-97B3-4C3E-B503-7C75A0902850}.Release|x64.ActiveCfg = Release|x64
		{775C7E93-97B3-4C3E-B503-7C75A0902850}.Release|x64.Build.0 = Release|x64
		{775C7E93-97B3-4C3E-B503-7C75A0902850}.Release|x86.ActiveCfg = Release|Win32
		{775C7E93-97B3-4C3E-B503-7C75A0902850}.Release|x86.Build.0 = Release|Win32
	EndGlobalSection
	GlobalSection(SolutionProperties) = preSolution
		HideSolutionNode = FALSE
	EndGlobalSection
	GlobalSection(ExtensibilityGlobals) = postSolution
		SolutionGuid = {15A7287A-7214-43B4-8A77-E335D038FB7A}
	EndGlobalSection
EndGlobal
